
Microsoft Visual Studio Solution File, Format Version 12.00
# Visual Studio Version 17
VisualStudioVersion = 17.3.32929.385
MinimumVisualStudioVersion = 10.0.40219.1
Project("{FAE04EC0-301F-11D3-BF4B-00C04F79EFBC}") = "_211077", "_211077\_211077.csproj", "{A150A7E3-301E-4B18-90FE-00E4661AA2DA}"
EndProject
Global
	GlobalSection(SolutionConfigurationPlatforms) = preSolution
		Debug|Any CPU = Debug|Any CPU
		Release|Any CPU = Release|Any CPU
	EndGlobalSection
	GlobalSection(ProjectConfigurationPlatforms) = postSolution
		{A150A7E3-301E-4B18-90FE-00E4661AA2DA}.Debug|Any CPU.ActiveCfg = Debug|Any CPU
		{A150A7E3-301E-4B18-90FE-00E4661AA2DA}.Debug|Any CPU.Build.0 = Debug|Any CPU
		{A150A7E3-301E-4B18-90FE-00E4661AA2DA}.Release|Any CPU.ActiveCfg = Release|Any CPU
		{A150A7E3-301E-4B18-90FE-00E4661AA2DA}.Release|Any CPU.Build.0 = Release|Any CPU
	EndGlobalSection
	GlobalSection(SolutionProperties) = preSolution
		HideSolutionNode = FALSE
	EndGlobalSection
	GlobalSection(ExtensibilityGlobals) = postSolution
		SolutionGuid = {1CAB4719-6025-45C8-90B4-EE790B1A7011}
	EndGlobalSection
EndGlobal
